
Microsoft Visual Studio Solution File, Format Version 12.00
# Visual Studio Version 16
VisualStudioVersion = 16.0.30413.136
MinimumVisualStudioVersion = 10.0.40219.1
Project("{FAE04EC0-301F-11D3-BF4B-00C04F79EFBC}") = "AlertToCare.AutomationTesting", "AlertToCare.AutomationTesting\AlertToCare.AutomationTesting.csproj", "{42AF8A26-A229-4225-937F-4ED8443A77F8}"
EndProject
Global
	GlobalSection(SolutionConfigurationPlatforms) = preSolution
		Debug|Any CPU = Debug|Any CPU
		Release|Any CPU = Release|Any CPU
	EndGlobalSection
	GlobalSection(ProjectConfigurationPlatforms) = postSolution
		{42AF8A26-A229-4225-937F-4ED8443A77F8}.Debug|Any CPU.ActiveCfg = Debug|Any CPU
		{42AF8A26-A229-4225-937F-4ED8443A77F8}.Debug|Any CPU.Build.0 = Debug|Any CPU
		{42AF8A26-A229-4225-937F-4ED8443A77F8}.Release|Any CPU.ActiveCfg = Release|Any CPU
		{42AF8A26-A229-4225-937F-4ED8443A77F8}.Release|Any CPU.Build.0 = Release|Any CPU
	EndGlobalSection
	GlobalSection(SolutionProperties) = preSolution
		HideSolutionNode = FALSE
	EndGlobalSection
	GlobalSection(ExtensibilityGlobals) = postSolution
		SolutionGuid = {F09FC364-C29C-45B9-9735-A9C2E59E4831}
	EndGlobalSection
EndGlobal
